
Microsoft Visual Studio Solution File, Format Version 12.00
# Visual Studio Version 16
VisualStudioVersion = 16.0.29519.181
MinimumVisualStudioVersion = 10.0.40219.1
Project("{9A19103F-16F7-4668-BE54-9A1E7A4F7556}") = "Bubble Sort", "Bubble Sort\Bubble Sort.csproj", "{7F3ACABD-9FDA-4747-82D0-6749F8A4014E}"
EndProject
Project("{9A19103F-16F7-4668-BE54-9A1E7A4F7556}") = "Insertion Sort", "Insertion Sort\Insertion Sort.csproj", "{0F94BD4F-F2C2-4EFE-9C64-C4BC466E8C1A}"
EndProject
Project("{9A19103F-16F7-4668-BE54-9A1E7A4F7556}") = "Selection Sort", "Selection Sort\Selection Sort.csproj", "{2D76CC8C-C17F-4044-8AE8-037055403A5B}"
EndProject
Project("{FAE04EC0-301F-11D3-BF4B-00C04F79EFBC}") = "Merge Sort", "Merge Sort\Merge Sort.csproj", "{3F7C9C2A-2B43-481E-AFB3-F57159114C43}"
EndProject
Global
	GlobalSection(SolutionConfigurationPlatforms) = preSolution
		Debug|Any CPU = Debug|Any CPU
		Release|Any CPU = Release|Any CPU
	EndGlobalSection
	GlobalSection(ProjectConfigurationPlatforms) = postSolution
		{7F3ACABD-9FDA-4747-82D0-6749F8A4014E}.Debug|Any CPU.ActiveCfg = Debug|Any CPU
		{7F3ACABD-9FDA-4747-82D0-6749F8A4014E}.Debug|Any CPU.Build.0 = Debug|Any CPU
		{7F3ACABD-9FDA-4747-82D0-6749F8A4014E}.Release|Any CPU.ActiveCfg = Release|Any CPU
		{7F3ACABD-9FDA-4747-82D0-6749F8A4014E}.Release|Any CPU.Build.0 = Release|Any CPU
		{0F94BD4F-F2C2-4EFE-9C64-C4BC466E8C1A}.Debug|Any CPU.ActiveCfg = Debug|Any CPU
		{0F94BD4F-F2C2-4EFE-9C64-C4BC466E8C1A}.Debug|Any CPU.Build.0 = Debug|Any CPU
		{0F94BD4F-F2C2-4EFE-9C64-C4BC466E8C1A}.Release|Any CPU.ActiveCfg = Release|Any CPU
		{0F94BD4F-F2C2-4EFE-9C64-C4BC466E8C1A}.Release|Any CPU.Build.0 = Release|Any CPU
		{2D76CC8C-C17F-4044-8AE8-037055403A5B}.Debug|Any CPU.ActiveCfg = Debug|Any CPU
		{2D76CC8C-C17F-4044-8AE8-037055403A5B}.Debug|Any CPU.Build.0 = Debug|Any CPU
		{2D76CC8C-C17F-4044-8AE8-037055403A5B}.Release|Any CPU.ActiveCfg = Release|Any CPU
		{2D76CC8C-C17F-4044-8AE8-037055403A5B}.Release|Any CPU.Build.0 = Release|Any CPU
		{3F7C9C2A-2B43-481E-AFB3-F57159114C43}.Debug|Any CPU.ActiveCfg = Debug|Any CPU
		{3F7C9C2A-2B43-481E-AFB3-F57159114C43}.Debug|Any CPU.Build.0 = Debug|Any CPU
		{3F7C9C2A-2B43-481E-AFB3-F57159114C43}.Release|Any CPU.ActiveCfg = Release|Any CPU
		{3F7C9C2A-2B43-481E-AFB3-F57159114C43}.Release|Any CPU.Build.0 = Release|Any CPU
	EndGlobalSection
	GlobalSection(SolutionProperties) = preSolution
		HideSolutionNode = FALSE
	EndGlobalSection
	GlobalSection(ExtensibilityGlobals) = postSolution
		SolutionGuid = {49718F4E-3E37-4F86-9E91-63D2C368EB19}
	EndGlobalSection
EndGlobal
